
Microsoft Visual Studio Solution File, Format Version 12.00
# Visual Studio Version 17
VisualStudioVersion = 17.14.36310.24 d17.14
MinimumVisualStudioVersion = 10.0.40219.1
Project("{FAE04EC0-301F-11D3-BF4B-00C04F79EFBC}") = "LoreRAG", "LoreRAG.csproj", "{83DA06BC-92BC-935F-C959-663A91741BFB}"
EndProject
Global
	GlobalSection(SolutionConfigurationPlatforms) = preSolution
		Debug|Any CPU = Debug|Any CPU
		Release|Any CPU = Release|Any CPU
	EndGlobalSection
	GlobalSection(ProjectConfigurationPlatforms) = postSolution
		{83DA06BC-92BC-935F-C959-663A91741BFB}.Debug|Any CPU.ActiveCfg = Debug|Any CPU
		{83DA06BC-92BC-935F-C959-663A91741BFB}.Debug|Any CPU.Build.0 = Debug|Any CPU
		{83DA06BC-92BC-935F-C959-663A91741BFB}.Release|Any CPU.ActiveCfg = Release|Any CPU
		{83DA06BC-92BC-935F-C959-663A91741BFB}.Release|Any CPU.Build.0 = Release|Any CPU
	EndGlobalSection
	GlobalSection(SolutionProperties) = preSolution
		HideSolutionNode = FALSE
	EndGlobalSection
	GlobalSection(ExtensibilityGlobals) = postSolution
		SolutionGuid = {548E2F27-2B77-4C98-8E4C-BA8C734A1711}
	EndGlobalSection
EndGlobal
